
Microsoft Visual Studio Solution File, Format Version 12.00
# Visual Studio Version 16
VisualStudioVersion = 16.0.30114.105
MinimumVisualStudioVersion = 10.0.40219.1
Project("{FAE04EC0-301F-11D3-BF4B-00C04F79EFBC}") = "ProAgil.Application", "ProAgil.Application\ProAgil.Application.csproj", "{86BBEA64-4ADF-4F88-8CB8-F1CDCD8A2C19}"
EndProject
Project("{FAE04EC0-301F-11D3-BF4B-00C04F79EFBC}") = "ProAgil.Domain", "ProAgil.Domain\ProAgil.Domain.csproj", "{95826041-2296-4EFC-B22F-30F3FAB21671}"
EndProject
Project("{FAE04EC0-301F-11D3-BF4B-00C04F79EFBC}") = "ProAgil.Persistence", "ProAgil.Persistence\ProAgil.Persistence.csproj", "{D21E84C7-B6A6-44AD-84FD-D5A8C733568F}"
EndProject
Project("{FAE04EC0-301F-11D3-BF4B-00C04F79EFBC}") = "ProAgil.API", "ProAgil.API\ProAgil.API.csproj", "{EFA9FDA1-DCE8-4EDC-8517-524AA5635750}"
EndProject
Global
	GlobalSection(SolutionConfigurationPlatforms) = preSolution
		Debug|Any CPU = Debug|Any CPU
		Debug|x64 = Debug|x64
		Debug|x86 = Debug|x86
		Release|Any CPU = Release|Any CPU
		Release|x64 = Release|x64
		Release|x86 = Release|x86
	EndGlobalSection
	GlobalSection(SolutionProperties) = preSolution
		HideSolutionNode = FALSE
	EndGlobalSection
	GlobalSection(ProjectConfigurationPlatforms) = postSolution
		{86BBEA64-4ADF-4F88-8CB8-F1CDCD8A2C19}.Debug|Any CPU.ActiveCfg = Debug|Any CPU
		{86BBEA64-4ADF-4F88-8CB8-F1CDCD8A2C19}.Debug|Any CPU.Build.0 = Debug|Any CPU
		{86BBEA64-4ADF-4F88-8CB8-F1CDCD8A2C19}.Debug|x64.ActiveCfg = Debug|Any CPU
		{86BBEA64-4ADF-4F88-8CB8-F1CDCD8A2C19}.Debug|x64.Build.0 = Debug|Any CPU
		{86BBEA64-4ADF-4F88-8CB8-F1CDCD8A2C19}.Debug|x86.ActiveCfg = Debug|Any CPU
		{86BBEA64-4ADF-4F88-8CB8-F1CDCD8A2C19}.Debug|x86.Build.0 = Debug|Any CPU
		{86BBEA64-4ADF-4F88-8CB8-F1CDCD8A2C19}.Release|Any CPU.ActiveCfg = Release|Any CPU
		{86BBEA64-4ADF-4F88-8CB8-F1CDCD8A2C19}.Release|Any CPU.Build.0 = Release|Any CPU
		{86BBEA64-4ADF-4F88-8CB8-F1CDCD8A2C19}.Release|x64.ActiveCfg = Release|Any CPU
		{86BBEA64-4ADF-4F88-8CB8-F1CDCD8A2C19}.Release|x64.Build.0 = Release|Any CPU
		{86BBEA64-4ADF-4F88-8CB8-F1CDCD8A2C19}.Release|x86.ActiveCfg = Release|Any CPU
		{86BBEA64-4ADF-4F88-8CB8-F1CDCD8A2C19}.Release|x86.Build.0 = Release|Any CPU
		{95826041-2296-4EFC-B22F-30F3FAB21671}.Debug|Any CPU.ActiveCfg = Debug|Any CPU
		{95826041-2296-4EFC-B22F-30F3FAB21671}.Debug|Any CPU.Build.0 = Debug|Any CPU
		{95826041-2296-4EFC-B22F-30F3FAB21671}.Debug|x64.ActiveCfg = Debug|Any CPU
		{95826041-2296-4EFC-B22F-30F3FAB21671}.Debug|x64.Build.0 = Debug|Any CPU
		{95826041-2296-4EFC-B22F-30F3FAB21671}.Debug|x86.ActiveCfg = Debug|Any CPU
		{95826041-2296-4EFC-B22F-30F3FAB21671}.Debug|x86.Build.0 = Debug|Any CPU
		{95826041-2296-4EFC-B22F-30F3FAB21671}.Release|Any CPU.ActiveCfg = Release|Any CPU
		{95826041-2296-4EFC-B22F-30F3FAB21671}.Release|Any CPU.Build.0 = Release|Any CPU
		{95826041-2296-4EFC-B22F-30F3FAB21671}.Release|x64.ActiveCfg = Release|Any CPU
		{95826041-2296-4EFC-B22F-30F3FAB21671}.Release|x64.Build.0 = Release|Any CPU
		{95826041-2296-4EFC-B22F-30F3FAB21671}.Release|x86.ActiveCfg = Release|Any CPU
		{95826041-2296-4EFC-B22F-30F3FAB21671}.Release|x86.Build.0 = Release|Any CPU
		{D21E84C7-B6A6-44AD-84FD-D5A8C733568F}.Debug|Any CPU.ActiveCfg = Debug|Any CPU
		{D21E84C7-B6A6-44AD-84FD-D5A8C733568F}.Debug|Any CPU.Build.0 = Debug|Any CPU
		{D21E84C7-B6A6-44AD-84FD-D5A8C733568F}.Debug|x64.ActiveCfg = Debug|Any CPU
		{D21E84C7-B6A6-44AD-84FD-D5A8C733568F}.Debug|x64.Build.0 = Debug|Any CPU
		{D21E84C7-B6A6-44AD-84FD-D5A8C733568F}.Debug|x86.ActiveCfg = Debug|Any CPU
		{D21E84C7-B6A6-44AD-84FD-D5A8C733568F}.Debug|x86.Build.0 = Debug|Any CPU
		{D21E84C7-B6A6-44AD-84FD-D5A8C733568F}.Release|Any CPU.ActiveCfg = Release|Any CPU
		{D21E84C7-B6A6-44AD-84FD-D5A8C733568F}.Release|Any CPU.Build.0 = Release|Any CPU
		{D21E84C7-B6A6-44AD-84FD-D5A8C733568F}.Release|x64.ActiveCfg = Release|Any CPU
		{D21E84C7-B6A6-44AD-84FD-D5A8C733568F}.Release|x64.Build.0 = Release|Any CPU
		{D21E84C7-B6A6-44AD-84FD-D5A8C733568F}.Release|x86.ActiveCfg = Release|Any CPU
		{D21E84C7-B6A6-44AD-84FD-D5A8C733568F}.Release|x86.Build.0 = Release|Any CPU
		{EFA9FDA1-DCE8-4EDC-8517-524AA5635750}.Debug|Any CPU.ActiveCfg = Debug|Any CPU
		{EFA9FDA1-DCE8-4EDC-8517-524AA5635750}.Debug|Any CPU.Build.0 = Debug|Any CPU
		{EFA9FDA1-DCE8-4EDC-8517-524AA5635750}.Debug|x64.ActiveCfg = Debug|Any CPU
		{EFA9FDA1-DCE8-4EDC-8517-524AA5635750}.Debug|x64.Build.0 = Debug|Any CPU
		{EFA9FDA1-DCE8-4EDC-8517-524AA5635750}.Debug|x86.ActiveCfg = Debug|Any CPU
		{EFA9FDA1-DCE8-4EDC-8517-524AA5635750}.Debug|x86.Build.0 = Debug|Any CPU
		{EFA9FDA1-DCE8-4EDC-8517-524AA5635750}.Release|Any CPU.ActiveCfg = Release|Any CPU
		{EFA9FDA1-DCE8-4EDC-8517-524AA5635750}.Release|Any CPU.Build.0 = Release|Any CPU
		{EFA9FDA1-DCE8-4EDC-8517-524AA5635750}.Release|x64.ActiveCfg = Release|Any CPU
		{EFA9FDA1-DCE8-4EDC-8517-524AA5635750}.Release|x64.Build.0 = Release|Any CPU
		{EFA9FDA1-DCE8-4EDC-8517-524AA5635750}.Release|x86.ActiveCfg = Release|Any CPU
		{EFA9FDA1-DCE8-4EDC-8517-524AA5635750}.Release|x86.Build.0 = Release|Any CPU
	EndGlobalSection
EndGlobal
